
Microsoft Visual Studio Solution File, Format Version 12.00
# Visual Studio Version 16
VisualStudioVersion = 16.0.30104.148
MinimumVisualStudioVersion = 10.0.40219.1
Project("{159641D6-6404-4A2A-AE62-294DE0FE8301}") = "Practice2019_Deploy", "Practice2019_Deploy\Practice2019_Deploy.dtproj", "{DD107ECD-4C02-4BCE-BCED-7684A199BFE3}"
EndProject
Global
	GlobalSection(SolutionConfigurationPlatforms) = preSolution
		Development|Default = Development|Default
	EndGlobalSection
	GlobalSection(ProjectConfigurationPlatforms) = postSolution
		{DD107ECD-4C02-4BCE-BCED-7684A199BFE3}.Development|Default.ActiveCfg = Development
		{DD107ECD-4C02-4BCE-BCED-7684A199BFE3}.Development|Default.Build.0 = Development
	EndGlobalSection
	GlobalSection(SolutionProperties) = preSolution
		HideSolutionNode = FALSE
	EndGlobalSection
	GlobalSection(ExtensibilityGlobals) = postSolution
		SolutionGuid = {1A87756C-44CE-4D3D-9299-D8251263D1C4}
	EndGlobalSection
EndGlobal
